{
  "name": "bindtty-monorepo",
  "version": "1.0.0",
  "lockfileVersion": 3,
  "requires": true,
  "packages": {
    "": {
      "name": "bindtty-monorepo",
      "version": "1.0.0",
      "workspaces": [
        "packages/*"
      ],
      "engines": {
        "node": ">=18"
      }
    },
    "node_modules/@bindtty/jsx-runtime": {
      "resolved": "packages/jsx-runtime",
      "link": true
    },
    "node_modules/@bindtty/signal": {
      "resolved": "packages/signal",
      "link": true
    },
    "node_modules/@bindtty/vnode": {
      "resolved": "packages/vnode",
      "link": true
    },
    "node_modules/bindtty": {
      "resolved": "packages/bindtty",
      "link": true
    },
    "node_modules/typescript": {
      "version": "5.9.3",
      "resolved": "https://registry.npmjs.org/typescript/-/typescript-5.9.3.tgz",
      "integrity": "sha512-jl1vZzPDinLr9eUt3J/t7V6FgNEw9QjvBPdysz9KfQDD41fQrC2Y4vKQdiaUpFT4bXlb1RHhLpp8wtm6M5TgSw==",
      "dev": true,
      "license": "Apache-2.0",
      "bin": {
        "tsc": "bin/tsc",
        "tsserver": "bin/tsserver"
      },
      "engines": {
        "node": ">=14.17"
      }
    },
    "packages/bindtty": {
      "version": "0.1.0-alpha.0",
      "license": "MIT"
    },
    "packages/jsx-runtime": {
      "version": "0.1.0-alpha.0",
      "license": "MIT",
      "dependencies": {
        "@bindtty/vnode": "0.1.0-alpha.0"
      },
      "devDependencies": {
        "typescript": "^5.5.0"
      }
    },
    "packages/signal": {
      "name": "@bindtty/signal",
      "version": "0.1.0-alpha.0",
      "license": "MIT",
      "devDependencies": {
        "typescript": "^5.5.0"
      }
    },
    "packages/vnode": {
      "name": "@bindtty/vnode",
      "version": "0.1.0-alpha.0",
      "license": "MIT",
      "devDependencies": {
        "typescript": "^5.5.0"
      }
    }
  }
}
