{
  "name": "bindtty-monorepo",
  "version": "1.0.0",
  "lockfileVersion": 3,
  "requires": true,
  "packages": {
    "": {
      "name": "bindtty-monorepo",
      "version": "1.0.0",
      "workspaces": [
        "packages/*",
        "examples/*"
      ],
      "engines": {
        "node": ">=18"
      }
    },
    "examples/counter": {
      "name": "@bindtty/example-counter",
      "version": "0.1.0-alpha.0",
      "license": "MIT",
      "dependencies": {
        "@bindtty/signal": "0.1.0-alpha.0",
        "@bindtty/terminal": "0.1.0-alpha.0",
        "bindtty": "0.1.0-alpha.0"
      },
      "devDependencies": {
        "@bindtty/jsx-runtime": "0.1.0-alpha.0",
        "@types/node": "^22.0.0",
        "typescript": "^5.5.0"
      }
    },
    "examples/form": {
      "name": "@bindtty/example-form",
      "version": "0.1.0-alpha.0",
      "license": "MIT",
      "dependencies": {
        "@bindtty/signal": "0.1.0-alpha.0",
        "@bindtty/terminal": "0.1.0-alpha.0",
        "bindtty": "0.1.0-alpha.0"
      },
      "devDependencies": {
        "@bindtty/jsx-runtime": "0.1.0-alpha.0",
        "@types/node": "^22.0.0",
        "typescript": "^5.5.0"
      }
    },
    "examples/log-viewer": {
      "name": "@bindtty/example-log-viewer",
      "version": "0.1.0-alpha.0",
      "license": "MIT",
      "dependencies": {
        "@bindtty/signal": "0.1.0-alpha.0",
        "@bindtty/terminal": "0.1.0-alpha.0",
        "bindtty": "0.1.0-alpha.0"
      },
      "devDependencies": {
        "@bindtty/jsx-runtime": "0.1.0-alpha.0",
        "@types/node": "^22.0.0",
        "typescript": "^5.5.0"
      }
    },
    "node_modules/@bindtty/e2e": {
      "resolved": "packages/e2e",
      "link": true
    },
    "node_modules/@bindtty/example-counter": {
      "resolved": "examples/counter",
      "link": true
    },
    "node_modules/@bindtty/example-form": {
      "resolved": "examples/form",
      "link": true
    },
    "node_modules/@bindtty/example-log-viewer": {
      "resolved": "examples/log-viewer",
      "link": true
    },
    "node_modules/@bindtty/interaction": {
      "resolved": "packages/interaction",
      "link": true
    },
    "node_modules/@bindtty/jsx-runtime": {
      "resolved": "packages/jsx-runtime",
      "link": true
    },
    "node_modules/@bindtty/layout": {
      "resolved": "packages/layout",
      "link": true
    },
    "node_modules/@bindtty/renderer-terminal": {
      "resolved": "packages/renderer-terminal",
      "link": true
    },
    "node_modules/@bindtty/runtime": {
      "resolved": "packages/runtime",
      "link": true
    },
    "node_modules/@bindtty/signal": {
      "resolved": "packages/signal",
      "link": true
    },
    "node_modules/@bindtty/terminal": {
      "resolved": "packages/terminal",
      "link": true
    },
    "node_modules/@bindtty/text": {
      "resolved": "packages/text",
      "link": true
    },
    "node_modules/@bindtty/vnode": {
      "resolved": "packages/vnode",
      "link": true
    },
    "node_modules/@bindtty/widgets": {
      "resolved": "packages/widgets",
      "link": true
    },
    "node_modules/@types/node": {
      "version": "22.20.0",
      "resolved": "https://registry.npmjs.org/@types/node/-/node-22.20.0.tgz",
      "integrity": "sha512-QWlFW2wf3nTjC13/DqRnBpR4ZO36VJH/JVBkA/vcnmbTBNQIlnObqyqZE1tUR7+Ni23Lda8R1BxMfbXRpCUx5g==",
      "dev": true,
      "dependencies": {
        "undici-types": "~6.21.0"
      }
    },
    "node_modules/bindtty": {
      "resolved": "packages/bindtty",
      "link": true
    },
    "node_modules/node-addon-api": {
      "version": "7.1.1",
      "resolved": "https://registry.npmjs.org/node-addon-api/-/node-addon-api-7.1.1.tgz",
      "integrity": "sha512-5m3bsyrjFWE1xf7nz7YXdN4udnVtXK6/Yfgn5qnahL6bCkf2yKt4k3nuTKAtT4r3IG8JNR2ncsIMdZuAzJjHQQ==",
      "license": "MIT",
      "optional": true
    },
    "node_modules/node-pty": {
      "version": "1.1.0",
      "resolved": "https://registry.npmjs.org/node-pty/-/node-pty-1.1.0.tgz",
      "integrity": "sha512-20JqtutY6JPXTUnL0ij1uad7Qe1baT46lyolh2sSENDd4sTzKZ4nmAFkeAARDKwmlLjPx6XKRlwRUxwjOy+lUg==",
      "hasInstallScript": true,
      "license": "MIT",
      "optional": true,
      "dependencies": {
        "node-addon-api": "^7.1.0"
      }
    },
    "node_modules/typescript": {
      "version": "5.9.3",
      "resolved": "https://registry.npmjs.org/typescript/-/typescript-5.9.3.tgz",
      "integrity": "sha512-jl1vZzPDinLr9eUt3J/t7V6FgNEw9QjvBPdysz9KfQDD41fQrC2Y4vKQdiaUpFT4bXlb1RHhLpp8wtm6M5TgSw==",
      "dev": true,
      "license": "Apache-2.0",
      "bin": {
        "tsc": "bin/tsc",
        "tsserver": "bin/tsserver"
      },
      "engines": {
        "node": ">=14.17"
      }
    },
    "node_modules/undici-types": {
      "version": "6.21.0",
      "resolved": "https://registry.npmjs.org/undici-types/-/undici-types-6.21.0.tgz",
      "integrity": "sha512-iwDZqg0QAGrg9Rav5H4n0M64c3mkR59cJ6wQp+7C4nI0gsmExaedaYLNO44eT4AtBBwjbTiGPMlt2Md0T9H9JQ==",
      "dev": true
    },
    "node_modules/yoga-layout": {
      "version": "3.2.1",
      "resolved": "https://registry.npmjs.org/yoga-layout/-/yoga-layout-3.2.1.tgz",
      "integrity": "sha512-0LPOt3AxKqMdFBZA3HBAt/t/8vIKq7VaQYbuA8WxCgung+p9TVyKRYdpvCb80HcdTN2NkbIKbhNwKUfm3tQywQ=="
    },
    "packages/bindtty": {
      "version": "0.1.0-alpha.0",
      "license": "MIT",
      "dependencies": {
        "@bindtty/interaction": "0.1.0-alpha.0",
        "@bindtty/layout": "0.1.0-alpha.0",
        "@bindtty/renderer-terminal": "0.1.0-alpha.0",
        "@bindtty/runtime": "0.1.0-alpha.0",
        "@bindtty/signal": "0.1.0-alpha.0",
        "@bindtty/terminal": "0.1.0-alpha.0",
        "@bindtty/vnode": "0.1.0-alpha.0",
        "@bindtty/widgets": "0.1.0-alpha.0"
      },
      "devDependencies": {
        "@bindtty/jsx-runtime": "0.1.0-alpha.0",
        "@types/node": "^22.0.0",
        "typescript": "^5.5.0"
      }
    },
    "packages/e2e": {
      "name": "@bindtty/e2e",
      "version": "0.1.0-alpha.0",
      "license": "MIT",
      "dependencies": {
        "@bindtty/signal": "0.1.0-alpha.0",
        "@bindtty/terminal": "0.1.0-alpha.0",
        "@bindtty/text": "0.1.0-alpha.0",
        "bindtty": "0.1.0-alpha.0"
      },
      "devDependencies": {
        "@bindtty/jsx-runtime": "0.1.0-alpha.0",
        "@types/node": "^22.0.0",
        "typescript": "^5.5.0"
      },
      "optionalDependencies": {
        "node-pty": "^1.0.0"
      }
    },
    "packages/interaction": {
      "name": "@bindtty/interaction",
      "version": "0.1.0-alpha.0",
      "license": "MIT",
      "dependencies": {
        "@bindtty/terminal": "0.1.0-alpha.0",
        "@bindtty/vnode": "0.1.0-alpha.0"
      },
      "devDependencies": {
        "@types/node": "^22.0.0",
        "typescript": "^5.5.0"
      }
    },
    "packages/jsx-runtime": {
      "name": "@bindtty/jsx-runtime",
      "version": "0.1.0-alpha.0",
      "license": "MIT",
      "dependencies": {
        "@bindtty/text": "0.1.0-alpha.0",
        "@bindtty/vnode": "0.1.0-alpha.0"
      },
      "devDependencies": {
        "@types/node": "^22.0.0",
        "typescript": "^5.5.0"
      }
    },
    "packages/layout": {
      "name": "@bindtty/layout",
      "version": "0.1.0-alpha.0",
      "license": "MIT",
      "dependencies": {
        "@bindtty/text": "0.1.0-alpha.0",
        "@bindtty/vnode": "0.1.0-alpha.0",
        "yoga-layout": "3.2.1"
      },
      "devDependencies": {
        "@bindtty/jsx-runtime": "0.1.0-alpha.0",
        "@bindtty/runtime": "0.1.0-alpha.0",
        "@bindtty/signal": "0.1.0-alpha.0",
        "@types/node": "^22.0.0",
        "typescript": "^5.5.0"
      }
    },
    "packages/renderer-terminal": {
      "name": "@bindtty/renderer-terminal",
      "version": "0.1.0-alpha.0",
      "license": "MIT",
      "dependencies": {
        "@bindtty/layout": "0.1.0-alpha.0",
        "@bindtty/text": "0.1.0-alpha.0"
      },
      "devDependencies": {
        "@bindtty/vnode": "0.1.0-alpha.0",
        "@types/node": "^22.0.0",
        "typescript": "^5.5.0"
      }
    },
    "packages/runtime": {
      "name": "@bindtty/runtime",
      "version": "0.1.0-alpha.0",
      "license": "MIT",
      "dependencies": {
        "@bindtty/vnode": "0.1.0-alpha.0"
      },
      "devDependencies": {
        "@bindtty/jsx-runtime": "0.1.0-alpha.0",
        "@bindtty/signal": "0.1.0-alpha.0",
        "@types/node": "^22.0.0",
        "typescript": "^5.5.0"
      }
    },
    "packages/signal": {
      "name": "@bindtty/signal",
      "version": "0.1.0-alpha.0",
      "license": "MIT",
      "devDependencies": {
        "typescript": "^5.5.0"
      }
    },
    "packages/terminal": {
      "name": "@bindtty/terminal",
      "version": "0.1.0-alpha.0",
      "license": "MIT",
      "devDependencies": {
        "@types/node": "^22.0.0",
        "typescript": "^5.5.0"
      }
    },
    "packages/text": {
      "name": "@bindtty/text",
      "version": "0.1.0-alpha.0",
      "license": "MIT",
      "devDependencies": {
        "@types/node": "^22.0.0",
        "typescript": "^5.5.0"
      }
    },
    "packages/vnode": {
      "name": "@bindtty/vnode",
      "version": "0.1.0-alpha.0",
      "license": "MIT",
      "devDependencies": {
        "typescript": "^5.5.0"
      }
    },
    "packages/widgets": {
      "name": "@bindtty/widgets",
      "version": "0.1.0-alpha.0",
      "license": "MIT",
      "dependencies": {
        "@bindtty/interaction": "0.1.0-alpha.0",
        "@bindtty/signal": "0.1.0-alpha.0",
        "@bindtty/vnode": "0.1.0-alpha.0"
      },
      "devDependencies": {
        "@types/node": "^22.0.0",
        "typescript": "^5.5.0"
      }
    }
  }
}
